
Microsoft Visual Studio Solution File, Format Version 11.00
# Visual Studio 2010
Project("{FAE04EC0-301F-11D3-BF4B-00C04F79EFBC}") = "ClientEngine", "ClientEngine.csproj", "{42CAFD0E-6680-4DB8-85F4-19485387B2A8}"
EndProject
Project("{FAE04EC0-301F-11D3-BF4B-00C04F79EFBC}") = "TimpInterfaces", "..\..\..\Share\TimpShared\TimpInterfaces\TimpInterfaces.csproj", "{FDD16F9E-82C9-4DC5-93AA-20C61ED1332A}"
EndProject
Project("{FAE04EC0-301F-11D3-BF4B-00C04F79EFBC}") = "Networking", "..\..\..\Share\TimpShared\Networking\Networking.csproj", "{69568E4F-5624-4E3D-9B32-FD53793E2DCF}"
EndProject
Project("{FAE04EC0-301F-11D3-BF4B-00C04F79EFBC}") = "DataStore", "..\..\..\Timpanogos\DataStore\DataStore.csproj", "{2747B6C4-6BC4-43F9-8652-CB54E4753A26}"
EndProject
Project("{FAE04EC0-301F-11D3-BF4B-00C04F79EFBC}") = "SLF", "..\..\..\ThirdParty\SLF\SLF\SLF.csproj", "{F969A551-EE0E-4129-9E88-AC5291985589}"
EndProject
Global
	GlobalSection(SolutionConfigurationPlatforms) = preSolution
		Debug|Any CPU = Debug|Any CPU
		Release|Any CPU = Release|Any CPU
	EndGlobalSection
	GlobalSection(ProjectConfigurationPlatforms) = postSolution
		{2747B6C4-6BC4-43F9-8652-CB54E4753A26}.Debug|Any CPU.ActiveCfg = Debug|Any CPU
		{2747B6C4-6BC4-43F9-8652-CB54E4753A26}.Debug|Any CPU.Build.0 = Debug|Any CPU
		{2747B6C4-6BC4-43F9-8652-CB54E4753A26}.Release|Any CPU.ActiveCfg = Release|Any CPU
		{2747B6C4-6BC4-43F9-8652-CB54E4753A26}.Release|Any CPU.Build.0 = Release|Any CPU
		{42CAFD0E-6680-4DB8-85F4-19485387B2A8}.Debug|Any CPU.ActiveCfg = Debug|Any CPU
		{42CAFD0E-6680-4DB8-85F4-19485387B2A8}.Debug|Any CPU.Build.0 = Debug|Any CPU
		{42CAFD0E-6680-4DB8-85F4-19485387B2A8}.Release|Any CPU.ActiveCfg = Release|Any CPU
		{42CAFD0E-6680-4DB8-85F4-19485387B2A8}.Release|Any CPU.Build.0 = Release|Any CPU
		{69568E4F-5624-4E3D-9B32-FD53793E2DCF}.Debug|Any CPU.ActiveCfg = Debug|Any CPU
		{69568E4F-5624-4E3D-9B32-FD53793E2DCF}.Debug|Any CPU.Build.0 = Debug|Any CPU
		{69568E4F-5624-4E3D-9B32-FD53793E2DCF}.Release|Any CPU.ActiveCfg = Release|Any CPU
		{69568E4F-5624-4E3D-9B32-FD53793E2DCF}.Release|Any CPU.Build.0 = Release|Any CPU
		{F969A551-EE0E-4129-9E88-AC5291985589}.Debug|Any CPU.ActiveCfg = Debug|Any CPU
		{F969A551-EE0E-4129-9E88-AC5291985589}.Debug|Any CPU.Build.0 = Debug|Any CPU
		{F969A551-EE0E-4129-9E88-AC5291985589}.Release|Any CPU.ActiveCfg = Release|Any CPU
		{F969A551-EE0E-4129-9E88-AC5291985589}.Release|Any CPU.Build.0 = Release|Any CPU
		{FDD16F9E-82C9-4DC5-93AA-20C61ED1332A}.Debug|Any CPU.ActiveCfg = Debug|Any CPU
		{FDD16F9E-82C9-4DC5-93AA-20C61ED1332A}.Debug|Any CPU.Build.0 = Debug|Any CPU
		{FDD16F9E-82C9-4DC5-93AA-20C61ED1332A}.Release|Any CPU.ActiveCfg = Release|Any CPU
		{FDD16F9E-82C9-4DC5-93AA-20C61ED1332A}.Release|Any CPU.Build.0 = Release|Any CPU
	EndGlobalSection
	GlobalSection(MonoDevelopProperties) = preSolution
		StartupItem = ClientEngine.csproj
	EndGlobalSection
EndGlobal
